
Microsoft Visual Studio Solution File, Format Version 12.00
# Visual Studio Version 16
VisualStudioVersion = 16.0.29613.14
MinimumVisualStudioVersion = 10.0.40219.1
Project("{FAE04EC0-301F-11D3-BF4B-00C04F79EFBC}") = "ExamDemo", "ExamDemo\ExamDemo.csproj", "{BACC4294-CB0C-4060-B783-9C09E2C0FC44}"
EndProject
Global
	GlobalSection(SolutionConfigurationPlatforms) = preSolution
		Debug|Any CPU = Debug|Any CPU
		Release|Any CPU = Release|Any CPU
	EndGlobalSection
	GlobalSection(ProjectConfigurationPlatforms) = postSolution
		{BACC4294-CB0C-4060-B783-9C09E2C0FC44}.Debug|Any CPU.ActiveCfg = Debug|Any CPU
		{BACC4294-CB0C-4060-B783-9C09E2C0FC44}.Debug|Any CPU.Build.0 = Debug|Any CPU
		{BACC4294-CB0C-4060-B783-9C09E2C0FC44}.Release|Any CPU.ActiveCfg = Release|Any CPU
		{BACC4294-CB0C-4060-B783-9C09E2C0FC44}.Release|Any CPU.Build.0 = Release|Any CPU
	EndGlobalSection
	GlobalSection(SolutionProperties) = preSolution
		HideSolutionNode = FALSE
	EndGlobalSection
	GlobalSection(ExtensibilityGlobals) = postSolution
		SolutionGuid = {B91D5FD7-49D3-42AC-99C5-E1535115BE40}
	EndGlobalSection
EndGlobal
