
Microsoft Visual Studio Solution File, Format Version 12.00
# Visual Studio Version 16
VisualStudioVersion = 16.0.29613.14
MinimumVisualStudioVersion = 10.0.40219.1
Project("{FAE04EC0-301F-11D3-BF4B-00C04F79EFBC}") = "MVC_Assigment", "MVC_Assigment\MVC_Assigment.csproj", "{1A86A269-0DCA-4B0B-BA91-11BB5CE7DF76}"
EndProject
Global
	GlobalSection(SolutionConfigurationPlatforms) = preSolution
		Debug|Any CPU = Debug|Any CPU
		Release|Any CPU = Release|Any CPU
	EndGlobalSection
	GlobalSection(ProjectConfigurationPlatforms) = postSolution
		{1A86A269-0DCA-4B0B-BA91-11BB5CE7DF76}.Debug|Any CPU.ActiveCfg = Debug|Any CPU
		{1A86A269-0DCA-4B0B-BA91-11BB5CE7DF76}.Debug|Any CPU.Build.0 = Debug|Any CPU
		{1A86A269-0DCA-4B0B-BA91-11BB5CE7DF76}.Release|Any CPU.ActiveCfg = Release|Any CPU
		{1A86A269-0DCA-4B0B-BA91-11BB5CE7DF76}.Release|Any CPU.Build.0 = Release|Any CPU
	EndGlobalSection
	GlobalSection(SolutionProperties) = preSolution
		HideSolutionNode = FALSE
	EndGlobalSection
	GlobalSection(ExtensibilityGlobals) = postSolution
		SolutionGuid = {E6855D34-8518-431F-B4DD-1E9E1E8EA868}
	EndGlobalSection
EndGlobal
